{
	"name": "mini-ocr",
	"version": "1.1.0",
	"lockfileVersion": 1,
	"requires": true,
	"dependencies": {
		"core-js": {
			"version": "3.6.5",
			"resolved": "https://registry.npm.taobao.org/core-js/download/core-js-3.6.5.tgz",
			"integrity": "sha1-c5XcJzrzf7LlDpvT2f6EEoUjHRo="
		},
		"electron-screenshots": {
			"version": "0.0.10",
			"resolved": "https://registry.npm.taobao.org/electron-screenshots/download/electron-screenshots-0.0.10.tgz",
			"integrity": "sha1-HauZV47/KLd3sK6DsedMWzN2wGc=",
			"requires": {
				"react-screenshots": "^0.0.10"
			}
		},
		"js-tokens": {
			"version": "4.0.0",
			"resolved": "https://registry.npm.taobao.org/js-tokens/download/js-tokens-4.0.0.tgz",
			"integrity": "sha1-GSA/tZmR35jjoocFDUZHzerzJJk="
		},
		"loose-envify": {
			"version": "1.4.0",
			"resolved": "https://registry.npm.taobao.org/loose-envify/download/loose-envify-1.4.0.tgz",
			"integrity": "sha1-ce5R+nvkyuwaY4OffmgtgTLTDK8=",
			"requires": {
				"js-tokens": "^3.0.0 || ^4.0.0"
			}
		},
		"normalize.css": {
			"version": "8.0.1",
			"resolved": "https://registry.npm.taobao.org/normalize.css/download/normalize.css-8.0.1.tgz",
			"integrity": "sha1-m5iiCHOLnMJjTKrLxC0THJdIe/M="
		},
		"object-assign": {
			"version": "4.1.1",
			"resolved": "https://registry.npm.taobao.org/object-assign/download/object-assign-4.1.1.tgz",
			"integrity": "sha1-IQmtx5ZYh8/AXLvUQsrIv7s2CGM="
		},
		"performance-now": {
			"version": "2.1.0",
			"resolved": "https://registry.npm.taobao.org/performance-now/download/performance-now-2.1.0.tgz",
			"integrity": "sha1-Ywn04OX6kT7BxpMHrjZLSzd8nns="
		},
		"prop-types": {
			"version": "15.7.2",
			"resolved": "https://registry.npm.taobao.org/prop-types/download/prop-types-15.7.2.tgz",
			"integrity": "sha1-UsQedbjIfnK52TYOAga5ncv/psU=",
			"requires": {
				"loose-envify": "^1.4.0",
				"object-assign": "^4.1.1",
				"react-is": "^16.8.1"
			}
		},
		"raf": {
			"version": "3.4.1",
			"resolved": "https://registry.npm.taobao.org/raf/download/raf-3.4.1.tgz",
			"integrity": "sha1-B0LpmkplUvRF1z4+4DKK8P8e3jk=",
			"requires": {
				"performance-now": "^2.1.0"
			}
		},
		"react": {
			"version": "16.13.1",
			"resolved": "https://registry.npm.taobao.org/react/download/react-16.13.1.tgz?cache=0&sync_timestamp=1598573879029&other_urls=https%3A%2F%2Fregistry.npm.taobao.org%2Freact%2Fdownload%2Freact-16.13.1.tgz",
			"integrity": "sha1-LoGIIvGpdDEiwGPWQQ2FweOv5I4=",
			"requires": {
				"loose-envify": "^1.1.0",
				"object-assign": "^4.1.1",
				"prop-types": "^15.6.2"
			}
		},
		"react-dom": {
			"version": "16.13.1",
			"resolved": "https://registry.npm.taobao.org/react-dom/download/react-dom-16.13.1.tgz?cache=0&sync_timestamp=1598575626760&other_urls=https%3A%2F%2Fregistry.npm.taobao.org%2Freact-dom%2Fdownload%2Freact-dom-16.13.1.tgz",
			"integrity": "sha1-wb03MxoEhsB47lTEdAcgmTsuDn8=",
			"requires": {
				"loose-envify": "^1.1.0",
				"object-assign": "^4.1.1",
				"prop-types": "^15.6.2",
				"scheduler": "^0.19.1"
			}
		},
		"react-is": {
			"version": "16.13.1",
			"resolved": "https://registry.npm.taobao.org/react-is/download/react-is-16.13.1.tgz",
			"integrity": "sha1-eJcppNw23imZ3BVt1sHZwYzqVqQ="
		},
		"react-screenshots": {
			"version": "0.0.10",
			"resolved": "https://registry.npm.taobao.org/react-screenshots/download/react-screenshots-0.0.10.tgz",
			"integrity": "sha1-4hQWW/yFWYB3CUqbNOZKAEZHKpU=",
			"requires": {
				"core-js": "^3.6.5",
				"normalize.css": "^8.0.1",
				"raf": "^3.4.1",
				"react": "^16.13.1",
				"react-dom": "^16.13.1"
			}
		},
		"scheduler": {
			"version": "0.19.1",
			"resolved": "https://registry.npm.taobao.org/scheduler/download/scheduler-0.19.1.tgz?cache=0&sync_timestamp=1598575724406&other_urls=https%3A%2F%2Fregistry.npm.taobao.org%2Fscheduler%2Fdownload%2Fscheduler-0.19.1.tgz",
			"integrity": "sha1-Tz4u0sGn1laB9MhU+oxaHMtA8ZY=",
			"requires": {
				"loose-envify": "^1.1.0",
				"object-assign": "^4.1.1"
			}
		}
	}
}
